
Microsoft Visual Studio Solution File, Format Version 12.00
# Visual Studio Version 17
VisualStudioVersion = 17.3.32929.385
MinimumVisualStudioVersion = 10.0.40219.1
Project("{9A19103F-16F7-4668-BE54-9A1E7A4F7556}") = "MyBlog", "MyBlog\MyBlog.csproj", "{5701B17E-2B43-4CB1-B3EA-128B050F60D0}"
EndProject
Project("{9A19103F-16F7-4668-BE54-9A1E7A4F7556}") = "MyBlog.Test", "MyBlog.Test\MyBlog.Test.csproj", "{82CCC268-C2B3-4CC0-930E-D361B7699D0A}"
EndProject
Project("{2150E333-8FDC-42A3-9474-1A3956D46DE8}") = "Solution Items", "Solution Items", "{3A43DEBE-6694-4C85-BB61-636678D69532}"
	ProjectSection(SolutionItems) = preProject
		.github\workflows\main_myblog20230101.yml = .github\workflows\main_myblog20230101.yml
	EndProjectSection
EndProject
Global
	GlobalSection(SolutionConfigurationPlatforms) = preSolution
		Debug|Any CPU = Debug|Any CPU
		Release|Any CPU = Release|Any CPU
	EndGlobalSection
	GlobalSection(ProjectConfigurationPlatforms) = postSolution
		{5701B17E-2B43-4CB1-B3EA-128B050F60D0}.Debug|Any CPU.ActiveCfg = Debug|Any CPU
		{5701B17E-2B43-4CB1-B3EA-128B050F60D0}.Debug|Any CPU.Build.0 = Debug|Any CPU
		{5701B17E-2B43-4CB1-B3EA-128B050F60D0}.Release|Any CPU.ActiveCfg = Release|Any CPU
		{5701B17E-2B43-4CB1-B3EA-128B050F60D0}.Release|Any CPU.Build.0 = Release|Any CPU
		{82CCC268-C2B3-4CC0-930E-D361B7699D0A}.Debug|Any CPU.ActiveCfg = Debug|Any CPU
		{82CCC268-C2B3-4CC0-930E-D361B7699D0A}.Debug|Any CPU.Build.0 = Debug|Any CPU
		{82CCC268-C2B3-4CC0-930E-D361B7699D0A}.Release|Any CPU.ActiveCfg = Release|Any CPU
		{82CCC268-C2B3-4CC0-930E-D361B7699D0A}.Release|Any CPU.Build.0 = Release|Any CPU
	EndGlobalSection
	GlobalSection(SolutionProperties) = preSolution
		HideSolutionNode = FALSE
	EndGlobalSection
	GlobalSection(ExtensibilityGlobals) = postSolution
		SolutionGuid = {87C74CCD-D81C-434F-9C16-32F9FE79EEC3}
	EndGlobalSection
EndGlobal
